
Microsoft Visual Studio Solution File, Format Version 12.00
# Visual Studio 2012
Project("{FAE04EC0-301F-11D3-BF4B-00C04F79EFBC}") = "Shear Detection", "Shear Detection\Shear Detection.csproj", "{52723415-9BC3-4B6E-8B4C-C19470E0927B}"
EndProject
Global
	GlobalSection(SolutionConfigurationPlatforms) = preSolution
		Debug|Any CPU = Debug|Any CPU
		Release|Any CPU = Release|Any CPU
	EndGlobalSection
	GlobalSection(ProjectConfigurationPlatforms) = postSolution
		{52723415-9BC3-4B6E-8B4C-C19470E0927B}.Debug|Any CPU.ActiveCfg = Debug|Any CPU
		{52723415-9BC3-4B6E-8B4C-C19470E0927B}.Debug|Any CPU.Build.0 = Debug|Any CPU
		{52723415-9BC3-4B6E-8B4C-C19470E0927B}.Release|Any CPU.ActiveCfg = Release|Any CPU
		{52723415-9BC3-4B6E-8B4C-C19470E0927B}.Release|Any CPU.Build.0 = Release|Any CPU
	EndGlobalSection
	GlobalSection(SolutionProperties) = preSolution
		HideSolutionNode = FALSE
	EndGlobalSection
EndGlobal
